
Microsoft Visual Studio Solution File, Format Version 12.00
# Visual Studio Version 17
VisualStudioVersion = 17.0.31912.275
MinimumVisualStudioVersion = 10.0.40219.1
Project("{FAE04EC0-301F-11D3-BF4B-00C04F79EFBC}") = "DictionaryBuilderApp", "DictionaryBuilderApp.csproj", "{641567D5-F12F-4774-BC3C-256B46A03BC5}"
EndProject
Global
	GlobalSection(SolutionConfigurationPlatforms) = preSolution
		Debug|Any CPU = Debug|Any CPU
		Release|Any CPU = Release|Any CPU
	EndGlobalSection
	GlobalSection(ProjectConfigurationPlatforms) = postSolution
		{641567D5-F12F-4774-BC3C-256B46A03BC5}.Debug|Any CPU.ActiveCfg = Debug|Any CPU
		{641567D5-F12F-4774-BC3C-256B46A03BC5}.Debug|Any CPU.Build.0 = Debug|Any CPU
		{641567D5-F12F-4774-BC3C-256B46A03BC5}.Release|Any CPU.ActiveCfg = Release|Any CPU
		{641567D5-F12F-4774-BC3C-256B46A03BC5}.Release|Any CPU.Build.0 = Release|Any CPU
	EndGlobalSection
	GlobalSection(SolutionProperties) = preSolution
		HideSolutionNode = FALSE
	EndGlobalSection
	GlobalSection(ExtensibilityGlobals) = postSolution
		SolutionGuid = {CE79EA7B-1B7B-4B1F-A896-EE4FC23B78B4}
	EndGlobalSection
EndGlobal
